
Microsoft Visual Studio Solution File, Format Version 12.00
# Visual Studio Version 17
VisualStudioVersion = 17.10.35004.147
MinimumVisualStudioVersion = 10.0.40219.1
Project("{FAE04EC0-301F-11D3-BF4B-00C04F79EFBC}") = "MangaWebApi", "MangaWebApi\MangaWebApi.csproj", "{93115128-F6BE-4F8C-873B-97DC838C276E}"
EndProject
Global
	GlobalSection(SolutionConfigurationPlatforms) = preSolution
		Debug|Any CPU = Debug|Any CPU
		Release|Any CPU = Release|Any CPU
	EndGlobalSection
	GlobalSection(ProjectConfigurationPlatforms) = postSolution
		{93115128-F6BE-4F8C-873B-97DC838C276E}.Debug|Any CPU.ActiveCfg = Debug|Any CPU
		{93115128-F6BE-4F8C-873B-97DC838C276E}.Debug|Any CPU.Build.0 = Debug|Any CPU
		{93115128-F6BE-4F8C-873B-97DC838C276E}.Release|Any CPU.ActiveCfg = Release|Any CPU
		{93115128-F6BE-4F8C-873B-97DC838C276E}.Release|Any CPU.Build.0 = Release|Any CPU
	EndGlobalSection
	GlobalSection(SolutionProperties) = preSolution
		HideSolutionNode = FALSE
	EndGlobalSection
	GlobalSection(ExtensibilityGlobals) = postSolution
		SolutionGuid = {6427FFE5-2689-4858-A320-F39378933930}
	EndGlobalSection
EndGlobal
